// !$*UTF8*$!
{
	archiveVersion = 1;
	classes = {
	};
	objectVersion = 50;
	objects = {

/* Begin PBXBuildFile section */
		3F19631F20FF29F5008733D4 /* AppDelegate.m in Sources */ = {isa = PBXBuildFile; fileRef = 3F19631E20FF29F5008733D4 /* AppDelegate.m */; };
		3F19632220FF29F5008733D4 /* ViewController.m in Sources */ = {isa = PBXBuildFile; fileRef = 3F19632120FF29F5008733D4 /* ViewController.m */; };
		3F19632520FF29F5008733D4 /* Main.storyboard in Resources */ = {isa = PBXBuildFile; fileRef = 3F19632320FF29F5008733D4 /* Main.storyboard */; };
		3F19632720FF29F6008733D4 /* Assets.xcassets in Resources */ = {isa = PBXBuildFile; fileRef = 3F19632620FF29F6008733D4 /* Assets.xcassets */; };
		3F19632A20FF29F6008733D4 /* LaunchScreen.storyboard in Resources */ = {isa = PBXBuildFile; fileRef = 3F19632820FF29F6008733D4 /* LaunchScreen.storyboard */; };
		3F19632D20FF29F6008733D4 /* main.m in Sources */ = {isa = PBXBuildFile; fileRef = 3F19632C20FF29F6008733D4 /* main.m */; };
		3F19633720FF29F6008733D4 /* HXWKWebViewTests.m in Sources */ = {isa = PBXBuildFile; fileRef = 3F19633620FF29F6008733D4 /* HXWKWebViewTests.m */; };
		3F19634220FF29F6008733D4 /* HXWKWebViewUITests.m in Sources */ = {isa = PBXBuildFile; fileRef = 3F19634120FF29F6008733D4 /* HXWKWebViewUITests.m */; };
		3F19635220FF2A0D008733D4 /* DHBaseWebView.m in Sources */ = {isa = PBXBuildFile; fileRef = 3F19635020FF2A0D008733D4 /* DHBaseWebView.m */; };
/* End PBXBuildFile section */

/* Begin PBXContainerItemProxy section */
		3F19633320FF29F6008733D4 /* PBXContainerItemProxy */ = {
			isa = PBXContainerItemProxy;
			containerPortal = 3F19631220FF29F5008733D4 /* Project object */;
			proxyType = 1;
			remoteGlobalIDString = 3F19631920FF29F5008733D4;
			remoteInfo = HXWKWebView;
		};
		3F19633E20FF29F6008733D4 /* PBXContainerItemProxy */ = {
			isa = PBXContainerItemProxy;
			containerPortal = 3F19631220FF29F5008733D4 /* Project object */;
			proxyType = 1;
			remoteGlobalIDString = 3F19631920FF29F5008733D4;
			remoteInfo = HXWKWebView;
		};
/* End PBXContainerItemProxy section */

/* Begin PBXFileReference section */
		3F19631A20FF29F5008733D4 /* HXWKWebView.app */ = {isa = PBXFileReference; explicitFileType = wrapper.application; includeInIndex = 0; path = HXWKWebView.app; sourceTree = BUILT_PRODUCTS_DIR; };
		3F19631D20FF29F5008733D4 /* AppDelegate.h */ = {isa = PBXFileReference; lastKnownFileType = sourcecode.c.h; path = AppDelegate.h; sourceTree = "<group>"; };
		3F19631E20FF29F5008733D4 /* AppDelegate.m */ = {isa = PBXFileReference; lastKnownFileType = sourcecode.c.objc; path = AppDelegate.m; sourceTree = "<group>"; };
		3F19632020FF29F5008733D4 /* ViewController.h */ = {isa = PBXFileReference; lastKnownFileType = sourcecode.c.h; path = ViewController.h; sourceTree = "<group>"; };
		3F19632120FF29F5008733D4 /* ViewController.m */ = {isa = PBXFileReference; lastKnownFileType = sourcecode.c.objc; path = ViewController.m; sourceTree = "<group>"; };
		3F19632420FF29F5008733D4 /* Base */ = {isa = PBXFileReference; lastKnownFileType = file.storyboard; name = Base; path = Base.lproj/Main.storyboard; sourceTree = "<group>"; };
		3F19632620FF29F6008733D4 /* Assets.xcassets */ = {isa = PBXFileReference; lastKnownFileType = folder.assetcatalog; path = Assets.xcassets; sourceTree = "<group>"; };
		3F19632920FF29F6008733D4 /* Base */ = {isa = PBXFileReference; lastKnownFileType = file.storyboard; name = Base; path = Base.lproj/LaunchScreen.storyboard; sourceTree = "<group>"; };
		3F19632B20FF29F6008733D4 /* Info.plist */ = {isa = PBXFileReference; lastKnownFileType = text.plist.xml; path = Info.plist; sourceTree = "<group>"; };
		3F19632C20FF29F6008733D4 /* main.m */ = {isa = PBXFileReference; lastKnownFileType = sourcecode.c.objc; path = main.m; sourceTree = "<group>"; };
		3F19633220FF29F6008733D4 /* HXWKWebViewTests.xctest */ = {isa = PBXFileReference; explicitFileType = wrapper.cfbundle; includeInIndex = 0; path = HXWKWebViewTests.xctest; sourceTree = BUILT_PRODUCTS_DIR; };
		3F19633620FF29F6008733D4 /* HXWKWebViewTests.m */ = {isa = PBXFileReference; lastKnownFileType = sourcecode.c.objc; path = HXWKWebViewTests.m; sourceTree = "<group>"; };
		3F19633820FF29F6008733D4 /* Info.plist */ = {isa = PBXFileReference; lastKnownFileType = text.plist.xml; path = Info.plist; sourceTree = "<group>"; };
		3F19633D20FF29F6008733D4 /* HXWKWebViewUITests.xctest */ = {isa = PBXFileReference; explicitFileType = wrapper.cfbundle; includeInIndex = 0; path = HXWKWebViewUITests.xctest; sourceTree = BUILT_PRODUCTS_DIR; };
		3F19634120FF29F6008733D4 /* HXWKWebViewUITests.m */ = {isa = PBXFileReference; lastKnownFileType = sourcecode.c.objc; path = HXWKWebViewUITests.m; sourceTree = "<group>"; };
		3F19634320FF29F6008733D4 /* Info.plist */ = {isa = PBXFileReference; lastKnownFileType = text.plist.xml; path = Info.plist; sourceTree = "<group>"; };
		3F19635020FF2A0D008733D4 /* DHBaseWebView.m */ = {isa = PBXFileReference; fileEncoding = 4; lastKnownFileType = sourcecode.c.objc; path = DHBaseWebView.m; sourceTree = "<group>"; };
		3F19635120FF2A0D008733D4 /* DHBaseWebView.h */ = {isa = PBXFileReference; fileEncoding = 4; lastKnownFileType = sourcecode.c.h; path = DHBaseWebView.h; sourceTree = "<group>"; };
/* End PBXFileReference section */

/* Begin PBXFrameworksBuildPhase section */
		3F19631720FF29F5008733D4 /* Frameworks */ = {
			isa = PBXFrameworksBuildPhase;
			buildActionMask = 2147483647;
			files = (
			);
			runOnlyForDeploymentPostprocessing = 0;
		};
		3F19632F20FF29F6008733D4 /* Frameworks */ = {
			isa = PBXFrameworksBuildPhase;
			buildActionMask = 2147483647;
			files = (
			);
			runOnlyForDeploymentPostprocessing = 0;
		};
		3F19633A20FF29F6008733D4 /* Frameworks */ = {
			isa = PBXFrameworksBuildPhase;
			buildActionMask = 2147483647;
			files = (
			);
			runOnlyForDeploymentPostprocessing = 0;
		};
/* End PBXFrameworksBuildPhase section */

/* Begin PBXGroup section */
		3F19631120FF29F5008733D4 = {
			isa = PBXGroup;
			children = (
				3F19631C20FF29F5008733D4 /* HXWKWebView */,
				3F19633520FF29F6008733D4 /* HXWKWebViewTests */,
				3F19634020FF29F6008733D4 /* HXWKWebViewUITests */,
				3F19631B20FF29F5008733D4 /* Products */,
			);
			sourceTree = "<group>";
		};
		3F19631B20FF29F5008733D4 /* Products */ = {
			isa = PBXGroup;
			children = (
				3F19631A20FF29F5008733D4 /* HXWKWebView.app */,
				3F19633220FF29F6008733D4 /* HXWKWebViewTests.xctest */,
				3F19633D20FF29F6008733D4 /* HXWKWebViewUITests.xctest */,
			);
			name = Products;
			sourceTree = "<group>";
		};
		3F19631C20FF29F5008733D4 /* HXWKWebView */ = {
			isa = PBXGroup;
			children = (
				3F19634F20FF2A0D008733D4 /* HXWebView */,
				3F19631D20FF29F5008733D4 /* AppDelegate.h */,
				3F19631E20FF29F5008733D4 /* AppDelegate.m */,
				3F19632020FF29F5008733D4 /* ViewController.h */,
				3F19632120FF29F5008733D4 /* ViewController.m */,
				3F19632320FF29F5008733D4 /* Main.storyboard */,
				3F19632620FF29F6008733D4 /* Assets.xcassets */,
				3F19632820FF29F6008733D4 /* LaunchScreen.storyboard */,
				3F19632B20FF29F6008733D4 /* Info.plist */,
				3F19632C20FF29F6008733D4 /* main.m */,
			);
			path = HXWKWebView;
			sourceTree = "<group>";
		};
		3F19633520FF29F6008733D4 /* HXWKWebViewTests */ = {
			isa = PBXGroup;
			children = (
				3F19633620FF29F6008733D4 /* HXWKWebViewTests.m */,
				3F19633820FF29F6008733D4 /* Info.plist */,
			);
			path = HXWKWebViewTests;
			sourceTree = "<group>";
		};
		3F19634020FF29F6008733D4 /* HXWKWebViewUITests */ = {
			isa = PBXGroup;
			children = (
				3F19634120FF29F6008733D4 /* HXWKWebViewUITests.m */,
				3F19634320FF29F6008733D4 /* Info.plist */,
			);
			path = HXWKWebViewUITests;
			sourceTree = "<group>";
		};
		3F19634F20FF2A0D008733D4 /* HXWebView */ = {
			isa = PBXGroup;
			children = (
				3F19635120FF2A0D008733D4 /* DHBaseWebView.h */,
				3F19635020FF2A0D008733D4 /* DHBaseWebView.m */,
			);
			path = HXWebView;
			sourceTree = "<group>";
		};
/* End PBXGroup section */

/* Begin PBXNativeTarget section */
		3F19631920FF29F5008733D4 /* HXWKWebView */ = {
			isa = PBXNativeTarget;
			buildConfigurationList = 3F19634620FF29F6008733D4 /* Build configuration list for PBXNativeTarget "HXWKWebView" */;
			buildPhases = (
				3F19631620FF29F5008733D4 /* Sources */,
				3F19631720FF29F5008733D4 /* Frameworks */,
				3F19631820FF29F5008733D4 /* Resources */,
			);
			buildRules = (
			);
			dependencies = (
			);
			name = HXWKWebView;
			productName = HXWKWebView;
			productReference = 3F19631A20FF29F5008733D4 /* HXWKWebView.app */;
			productType = "com.apple.product-type.application";
		};
		3F19633120FF29F6008733D4 /* HXWKWebViewTests */ = {
			isa = PBXNativeTarget;
			buildConfigurationList = 3F19634920FF29F6008733D4 /* Build configuration list for PBXNativeTarget "HXWKWebViewTests" */;
			buildPhases = (
				3F19632E20FF29F6008733D4 /* Sources */,
				3F19632F20FF29F6008733D4 /* Frameworks */,
				3F19633020FF29F6008733D4 /* Resources */,
			);
			buildRules = (
			);
			dependencies = (
				3F19633420FF29F6008733D4 /* PBXTargetDependency */,
			);
			name = HXWKWebViewTests;
			productName = HXWKWebViewTests;
			productReference = 3F19633220FF29F6008733D4 /* HXWKWebViewTests.xctest */;
			productType = "com.apple.product-type.bundle.unit-test";
		};
		3F19633C20FF29F6008733D4 /* HXWKWebViewUITests */ = {
			isa = PBXNativeTarget;
			buildConfigurationList = 3F19634C20FF29F6008733D4 /* Build configuration list for PBXNativeTarget "HXWKWebViewUITests" */;
			buildPhases = (
				3F19633920FF29F6008733D4 /* Sources */,
				3F19633A20FF29F6008733D4 /* Frameworks */,
				3F19633B20FF29F6008733D4 /* Resources */,
			);
			buildRules = (
			);
			dependencies = (
				3F19633F20FF29F6008733D4 /* PBXTargetDependency */,
			);
			name = HXWKWebViewUITests;
			productName = HXWKWebViewUITests;
			productReference = 3F19633D20FF29F6008733D4 /* HXWKWebViewUITests.xctest */;
			productType = "com.apple.product-type.bundle.ui-testing";
		};
/* End PBXNativeTarget section */

/* Begin PBXProject section */
		3F19631220FF29F5008733D4 /* Project object */ = {
			isa = PBXProject;
			attributes = {
				LastUpgradeCheck = 0930;
				ORGANIZATIONNAME = TAL;
				TargetAttributes = {
					3F19631920FF29F5008733D4 = {
						CreatedOnToolsVersion = 9.3;
					};
					3F19633120FF29F6008733D4 = {
						CreatedOnToolsVersion = 9.3;
						TestTargetID = 3F19631920FF29F5008733D4;
					};
					3F19633C20FF29F6008733D4 = {
						CreatedOnToolsVersion = 9.3;
						TestTargetID = 3F19631920FF29F5008733D4;
					};
				};
			};
			buildConfigurationList = 3F19631520FF29F5008733D4 /* Build configuration list for PBXProject "HXWKWebView" */;
			compatibilityVersion = "Xcode 9.3";
			developmentRegion = en;
			hasScannedForEncodings = 0;
			knownRegions = (
				en,
				Base,
			);
			mainGroup = 3F19631120FF29F5008733D4;
			productRefGroup = 3F19631B20FF29F5008733D4 /* Products */;
			projectDirPath = "";
			projectRoot = "";
			targets = (
				3F19631920FF29F5008733D4 /* HXWKWebView */,
				3F19633120FF29F6008733D4 /* HXWKWebViewTests */,
				3F19633C20FF29F6008733D4 /* HXWKWebViewUITests */,
			);
		};
/* End PBXProject section */

/* Begin PBXResourcesBuildPhase section */
		3F19631820FF29F5008733D4 /* Resources */ = {
			isa = PBXResourcesBuildPhase;
			buildActionMask = 2147483647;
			files = (
				3F19632A20FF29F6008733D4 /* LaunchScreen.storyboard in Resources */,
				3F19632720FF29F6008733D4 /* Assets.xcassets in Resources */,
				3F19632520FF29F5008733D4 /* Main.storyboard in Resources */,
			);
			runOnlyForDeploymentPostprocessing = 0;
		};
		3F19633020FF29F6008733D4 /* Resources */ = {
			isa = PBXResourcesBuildPhase;
			buildActionMask = 2147483647;
			files = (
			);
			runOnlyForDeploymentPostprocessing = 0;
		};
		3F19633B20FF29F6008733D4 /* Resources */ = {
			isa = PBXResourcesBuildPhase;
			buildActionMask = 2147483647;
			files = (
			);
			runOnlyForDeploymentPostprocessing = 0;
		};
/* End PBXResourcesBuildPhase section */

/* Begin PBXSourcesBuildPhase section */
		3F19631620FF29F5008733D4 /* Sources */ = {
			isa = PBXSourcesBuildPhase;
			buildActionMask = 2147483647;
			files = (
				3F19632220FF29F5008733D4 /* ViewController.m in Sources */,
				3F19632D20FF29F6008733D4 /* main.m in Sources */,
				3F19635220FF2A0D008733D4 /* DHBaseWebView.m in Sources */,
				3F19631F20FF29F5008733D4 /* AppDelegate.m in Sources */,
			);
			runOnlyForDeploymentPostprocessing = 0;
		};
		3F19632E20FF29F6008733D4 /* Sources */ = {
			isa = PBXSourcesBuildPhase;
			buildActionMask = 2147483647;
			files = (
				3F19633720FF29F6008733D4 /* HXWKWebViewTests.m in Sources */,
			);
			runOnlyForDeploymentPostprocessing = 0;
		};
		3F19633920FF29F6008733D4 /* Sources */ = {
			isa = PBXSourcesBuildPhase;
			buildActionMask = 2147483647;
			files = (
				3F19634220FF29F6008733D4 /* HXWKWebViewUITests.m in Sources */,
			);
			runOnlyForDeploymentPostprocessing = 0;
		};
/* End PBXSourcesBuildPhase section */

/* Begin PBXTargetDependency section */
		3F19633420FF29F6008733D4 /* PBXTargetDependency */ = {
			isa = PBXTargetDependency;
			target = 3F19631920FF29F5008733D4 /* HXWKWebView */;
			targetProxy = 3F19633320FF29F6008733D4 /* PBXContainerItemProxy */;
		};
		3F19633F20FF29F6008733D4 /* PBXTargetDependency */ = {
			isa = PBXTargetDependency;
			target = 3F19631920FF29F5008733D4 /* HXWKWebView */;
			targetProxy = 3F19633E20FF29F6008733D4 /* PBXContainerItemProxy */;
		};
/* End PBXTargetDependency section */

/* Begin PBXVariantGroup section */
		3F19632320FF29F5008733D4 /* Main.storyboard */ = {
			isa = PBXVariantGroup;
			children = (
				3F19632420FF29F5008733D4 /* Base */,
			);
			name = Main.storyboard;
			sourceTree = "<group>";
		};
		3F19632820FF29F6008733D4 /* LaunchScreen.storyboard */ = {
			isa = PBXVariantGroup;
			children = (
				3F19632920FF29F6008733D4 /* Base */,
			);
			name = LaunchScreen.storyboard;
			sourceTree = "<group>";
		};
/* End PBXVariantGroup section */

/* Begin XCBuildConfiguration section */
		3F19634420FF29F6008733D4 /* Debug */ = {
			isa = XCBuildConfiguration;
			buildSettings = {
				ALWAYS_SEARCH_USER_PATHS = NO;
				CLANG_ANALYZER_NONNULL = YES;
				CLANG_ANALYZER_NUMBER_OBJECT_CONVERSION = YES_AGGRESSIVE;
				CLANG_CXX_LANGUAGE_STANDARD = "gnu++14";
				CLANG_CXX_LIBRARY = "libc++";
				CLANG_ENABLE_MODULES = YES;
				CLANG_ENABLE_OBJC_ARC = YES;
				CLANG_ENABLE_OBJC_WEAK = YES;
				CLANG_WARN_BLOCK_CAPTURE_AUTORELEASING = YES;
				CLANG_WARN_BOOL_CONVERSION = YES;
				CLANG_WARN_COMMA = YES;
				CLANG_WARN_CONSTANT_CONVERSION = YES;
				CLANG_WARN_DEPRECATED_OBJC_IMPLEMENTATIONS = YES;
				CLANG_WARN_DIRECT_OBJC_ISA_USAGE = YES_ERROR;
				CLANG_WARN_DOCUMENTATION_COMMENTS = YES;
				CLANG_WARN_EMPTY_BODY = YES;
				CLANG_WARN_ENUM_CONVERSION = YES;
				CLANG_WARN_INFINITE_RECURSION = YES;
				CLANG_WARN_INT_CONVERSION = YES;
				CLANG_WARN_NON_LITERAL_NULL_CONVERSION = YES;
				CLANG_WARN_OBJC_IMPLICIT_RETAIN_SELF = YES;
				CLANG_WARN_OBJC_LITERAL_CONVERSION = YES;
				CLANG_WARN_OBJC_ROOT_CLASS = YES_ERROR;
				CLANG_WARN_RANGE_LOOP_ANALYSIS = YES;
				CLANG_WARN_STRICT_PROTOTYPES = YES;
				CLANG_WARN_SUSPICIOUS_MOVE = YES;
				CLANG_WARN_UNGUARDED_AVAILABILITY = YES_AGGRESSIVE;
				CLANG_WARN_UNREACHABLE_CODE = YES;
				CLANG_WARN__DUPLICATE_METHOD_MATCH = YES;
				CODE_SIGN_IDENTITY = "iPhone Developer";
				COPY_PHASE_STRIP = NO;
				DEBUG_INFORMATION_FORMAT = dwarf;
				ENABLE_STRICT_OBJC_MSGSEND = YES;
				ENABLE_TESTABILITY = YES;
				GCC_C_LANGUAGE_STANDARD = gnu11;
				GCC_DYNAMIC_NO_PIC = NO;
				GCC_NO_COMMON_BLOCKS = YES;
				GCC_OPTIMIZATION_LEVEL = 0;
				GCC_PREPROCESSOR_DEFINITIONS = (
					"DEBUG=1",
					"$(inherited)",
				);
				GCC_WARN_64_TO_32_BIT_CONVERSION = YES;
				GCC_WARN_ABOUT_RETURN_TYPE = YES_ERROR;
				GCC_WARN_UNDECLARED_SELECTOR = YES;
				GCC_WARN_UNINITIALIZED_AUTOS = YES_AGGRESSIVE;
				GCC_WARN_UNUSED_FUNCTION = YES;
				GCC_WARN_UNUSED_VARIABLE = YES;
				IPHONEOS_DEPLOYMENT_TARGET = 11.3;
				MTL_ENABLE_DEBUG_INFO = YES;
				ONLY_ACTIVE_ARCH = YES;
				SDKROOT = iphoneos;
			};
			name = Debug;
		};
		3F19634520FF29F6008733D4 /* Release */ = {
			isa = XCBuildConfiguration;
			buildSettings = {
				ALWAYS_SEARCH_USER_PATHS = NO;
				CLANG_ANALYZER_NONNULL = YES;
				CLANG_ANALYZER_NUMBER_OBJECT_CONVERSION = YES_AGGRESSIVE;
				CLANG_CXX_LANGUAGE_STANDARD = "gnu++14";
				CLANG_CXX_LIBRARY = "libc++";
				CLANG_ENABLE_MODULES = YES;
				CLANG_ENABLE_OBJC_ARC = YES;
				CLANG_ENABLE_OBJC_WEAK = YES;
				CLANG_WARN_BLOCK_CAPTURE_AUTORELEASING = YES;
				CLANG_WARN_BOOL_CONVERSION = YES;
				CLANG_WARN_COMMA = YES;
				CLANG_WARN_CONSTANT_CONVERSION = YES;
				CLANG_WARN_DEPRECATED_OBJC_IMPLEMENTATIONS = YES;
				CLANG_WARN_DIRECT_OBJC_ISA_USAGE = YES_ERROR;
				CLANG_WARN_DOCUMENTATION_COMMENTS = YES;
				CLANG_WARN_EMPTY_BODY = YES;
				CLANG_WARN_ENUM_CONVERSION = YES;
				CLANG_WARN_INFINITE_RECURSION = YES;
				CLANG_WARN_INT_CONVERSION = YES;
				CLANG_WARN_NON_LITERAL_NULL_CONVERSION = YES;
				CLANG_WARN_OBJC_IMPLICIT_RETAIN_SELF = YES;
				CLANG_WARN_OBJC_LITERAL_CONVERSION = YES;
				CLANG_WARN_OBJC_ROOT_CLASS = YES_ERROR;
				CLANG_WARN_RANGE_LOOP_ANALYSIS = YES;
				CLANG_WARN_STRICT_PROTOTYPES = YES;
				CLANG_WARN_SUSPICIOUS_MOVE = YES;
				CLANG_WARN_UNGUARDED_AVAILABILITY = YES_AGGRESSIVE;
				CLANG_WARN_UNREACHABLE_CODE = YES;
				CLANG_WARN__DUPLICATE_METHOD_MATCH = YES;
				CODE_SIGN_IDENTITY = "iPhone Developer";
				COPY_PHASE_STRIP = NO;
				DEBUG_INFORMATION_FORMAT = "dwarf-with-dsym";
				ENABLE_NS_ASSERTIONS = NO;
				ENABLE_STRICT_OBJC_MSGSEND = YES;
				GCC_C_LANGUAGE_STANDARD = gnu11;
				GCC_NO_COMMON_BLOCKS = YES;
				GCC_WARN_64_TO_32_BIT_CONVERSION = YES;
				GCC_WARN_ABOUT_RETURN_TYPE = YES_ERROR;
				GCC_WARN_UNDECLARED_SELECTOR = YES;
				GCC_WARN_UNINITIALIZED_AUTOS = YES_AGGRESSIVE;
				GCC_WARN_UNUSED_FUNCTION = YES;
				GCC_WARN_UNUSED_VARIABLE = YES;
				IPHONEOS_DEPLOYMENT_TARGET = 11.3;
				MTL_ENABLE_DEBUG_INFO = NO;
				SDKROOT = iphoneos;
				VALIDATE_PRODUCT = YES;
			};
			name = Release;
		};
		3F19634720FF29F6008733D4 /* Debug */ = {
			isa = XCBuildConfiguration;
			buildSettings = {
				ASSETCATALOG_COMPILER_APPICON_NAME = AppIcon;
				CODE_SIGN_STYLE = Automatic;
				INFOPLIST_FILE = HXWKWebView/Info.plist;
				IPHONEOS_DEPLOYMENT_TARGET = 9.0;
				LD_RUNPATH_SEARCH_PATHS = (
					"$(inherited)",
					"@executable_path/Frameworks",
				);
				PRODUCT_BUNDLE_IDENTIFIER = DaHai.com.HXWKWebView;
				PRODUCT_NAME = "$(TARGET_NAME)";
				TARGETED_DEVICE_FAMILY = "1,2";
			};
			name = Debug;
		};
		3F19634820FF29F6008733D4 /* Release */ = {
			isa = XCBuildConfiguration;
			buildSettings = {
				ASSETCATALOG_COMPILER_APPICON_NAME = AppIcon;
				CODE_SIGN_STYLE = Automatic;
				INFOPLIST_FILE = HXWKWebView/Info.plist;
				IPHONEOS_DEPLOYMENT_TARGET = 9.0;
				LD_RUNPATH_SEARCH_PATHS = (
					"$(inherited)",
					"@executable_path/Frameworks",
				);
				PRODUCT_BUNDLE_IDENTIFIER = DaHai.com.HXWKWebView;
				PRODUCT_NAME = "$(TARGET_NAME)";
				TARGETED_DEVICE_FAMILY = "1,2";
			};
			name = Release;
		};
		3F19634A20FF29F6008733D4 /* Debug */ = {
			isa = XCBuildConfiguration;
			buildSettings = {
				BUNDLE_LOADER = "$(TEST_HOST)";
				CODE_SIGN_STYLE = Automatic;
				INFOPLIST_FILE = HXWKWebViewTests/Info.plist;
				LD_RUNPATH_SEARCH_PATHS = (
					"$(inherited)",
					"@executable_path/Frameworks",
					"@loader_path/Frameworks",
				);
				PRODUCT_BUNDLE_IDENTIFIER = DaHai.com.HXWKWebViewTests;
				PRODUCT_NAME = "$(TARGET_NAME)";
				TARGETED_DEVICE_FAMILY = "1,2";
				TEST_HOST = "$(BUILT_PRODUCTS_DIR)/HXWKWebView.app/HXWKWebView";
			};
			name = Debug;
		};
		3F19634B20FF29F6008733D4 /* Release */ = {
			isa = XCBuildConfiguration;
			buildSettings = {
				BUNDLE_LOADER = "$(TEST_HOST)";
				CODE_SIGN_STYLE = Automatic;
				INFOPLIST_FILE = HXWKWebViewTests/Info.plist;
				LD_RUNPATH_SEARCH_PATHS = (
					"$(inherited)",
					"@executable_path/Frameworks",
					"@loader_path/Frameworks",
				);
				PRODUCT_BUNDLE_IDENTIFIER = DaHai.com.HXWKWebViewTests;
				PRODUCT_NAME = "$(TARGET_NAME)";
				TARGETED_DEVICE_FAMILY = "1,2";
				TEST_HOST = "$(BUILT_PRODUCTS_DIR)/HXWKWebView.app/HXWKWebView";
			};
			name = Release;
		};
		3F19634D20FF29F6008733D4 /* Debug */ = {
			isa = XCBuildConfiguration;
			buildSettings = {
				CODE_SIGN_STYLE = Automatic;
				INFOPLIST_FILE = HXWKWebViewUITests/Info.plist;
				LD_RUNPATH_SEARCH_PATHS = (
					"$(inherited)",
					"@executable_path/Frameworks",
					"@loader_path/Frameworks",
				);
				PRODUCT_BUNDLE_IDENTIFIER = DaHai.com.HXWKWebViewUITests;
				PRODUCT_NAME = "$(TARGET_NAME)";
				TARGETED_DEVICE_FAMILY = "1,2";
				TEST_TARGET_NAME = HXWKWebView;
			};
			name = Debug;
		};
		3F19634E20FF29F6008733D4 /* Release */ = {
			isa = XCBuildConfiguration;
			buildSettings = {
				CODE_SIGN_STYLE = Automatic;
				INFOPLIST_FILE = HXWKWebViewUITests/Info.plist;
				LD_RUNPATH_SEARCH_PATHS = (
					"$(inherited)",
					"@executable_path/Frameworks",
					"@loader_path/Frameworks",
				);
				PRODUCT_BUNDLE_IDENTIFIER = DaHai.com.HXWKWebViewUITests;
				PRODUCT_NAME = "$(TARGET_NAME)";
				TARGETED_DEVICE_FAMILY = "1,2";
				TEST_TARGET_NAME = HXWKWebView;
			};
			name = Release;
		};
/* End XCBuildConfiguration section */

/* Begin XCConfigurationList section */
		3F19631520FF29F5008733D4 /* Build configuration list for PBXProject "HXWKWebView" */ = {
			isa = XCConfigurationList;
			buildConfigurations = (
				3F19634420FF29F6008733D4 /* Debug */,
				3F19634520FF29F6008733D4 /* Release */,
			);
			defaultConfigurationIsVisible = 0;
			defaultConfigurationName = Release;
		};
		3F19634620FF29F6008733D4 /* Build configuration list for PBXNativeTarget "HXWKWebView" */ = {
			isa = XCConfigurationList;
			buildConfigurations = (
				3F19634720FF29F6008733D4 /* Debug */,
				3F19634820FF29F6008733D4 /* Release */,
			);
			defaultConfigurationIsVisible = 0;
			defaultConfigurationName = Release;
		};
		3F19634920FF29F6008733D4 /* Build configuration list for PBXNativeTarget "HXWKWebViewTests" */ = {
			isa = XCConfigurationList;
			buildConfigurations = (
				3F19634A20FF29F6008733D4 /* Debug */,
				3F19634B20FF29F6008733D4 /* Release */,
			);
			defaultConfigurationIsVisible = 0;
			defaultConfigurationName = Release;
		};
		3F19634C20FF29F6008733D4 /* Build configuration list for PBXNativeTarget "HXWKWebViewUITests" */ = {
			isa = XCConfigurationList;
			buildConfigurations = (
				3F19634D20FF29F6008733D4 /* Debug */,
				3F19634E20FF29F6008733D4 /* Release */,
			);
			defaultConfigurationIsVisible = 0;
			defaultConfigurationName = Release;
		};
/* End XCConfigurationList section */
	};
	rootObject = 3F19631220FF29F5008733D4 /* Project object */;
}
